// !$*UTF8*$!
{
	archiveVersion = 1;
	classes = {
	};
	objectVersion = 55;
	objects = {

/* Begin PBXBuildFile section */
		6633024A27D1DB17003D3A3F /* AppDelegate.swift in Sources */ = {isa = PBXBuildFile; fileRef = 6633024927D1DB17003D3A3F /* AppDelegate.swift */; };
		6633024C27D1DB17003D3A3F /* SceneDelegate.swift in Sources */ = {isa = PBXBuildFile; fileRef = 6633024B27D1DB17003D3A3F /* SceneDelegate.swift */; };
		6633024E27D1DB17003D3A3F /* ViewController.swift in Sources */ = {isa = PBXBuildFile; fileRef = 6633024D27D1DB17003D3A3F /* ViewController.swift */; };
		6633025127D1DB17003D3A3F /* Main.storyboard in Resources */ = {isa = PBXBuildFile; fileRef = 6633024F27D1DB17003D3A3F /* Main.storyboard */; };
		6633025327D1DB18003D3A3F /* Assets.xcassets in Resources */ = {isa = PBXBuildFile; fileRef = 6633025227D1DB18003D3A3F /* Assets.xcassets */; };
		6633025627D1DB18003D3A3F /* LaunchScreen.storyboard in Resources */ = {isa = PBXBuildFile; fileRef = 6633025427D1DB18003D3A3F /* LaunchScreen.storyboard */; };
		6633026127D1DB18003D3A3F /* ParallaxTestTests.swift in Sources */ = {isa = PBXBuildFile; fileRef = 6633026027D1DB18003D3A3F /* ParallaxTestTests.swift */; };
		6633026B27D1DB18003D3A3F /* ParallaxTestUITests.swift in Sources */ = {isa = PBXBuildFile; fileRef = 6633026A27D1DB18003D3A3F /* ParallaxTestUITests.swift */; };
		6633026D27D1DB18003D3A3F /* ParallaxTestUITestsLaunchTests.swift in Sources */ = {isa = PBXBuildFile; fileRef = 6633026C27D1DB18003D3A3F /* ParallaxTestUITestsLaunchTests.swift */; };
/* End PBXBuildFile section */

/* Begin PBXContainerItemProxy section */
		6633025D27D1DB18003D3A3F /* PBXContainerItemProxy */ = {
			isa = PBXContainerItemProxy;
			containerPortal = 6633023E27D1DB17003D3A3F /* Project object */;
			proxyType = 1;
			remoteGlobalIDString = 6633024527D1DB17003D3A3F;
			remoteInfo = ParallaxTest;
		};
		6633026727D1DB18003D3A3F /* PBXContainerItemProxy */ = {
			isa = PBXContainerItemProxy;
			containerPortal = 6633023E27D1DB17003D3A3F /* Project object */;
			proxyType = 1;
			remoteGlobalIDString = 6633024527D1DB17003D3A3F;
			remoteInfo = ParallaxTest;
		};
/* End PBXContainerItemProxy section */

/* Begin PBXFileReference section */
		6633024627D1DB17003D3A3F /* ParallaxTest.app */ = {isa = PBXFileReference; explicitFileType = wrapper.application; includeInIndex = 0; path = ParallaxTest.app; sourceTree = BUILT_PRODUCTS_DIR; };
		6633024927D1DB17003D3A3F /* AppDelegate.swift */ = {isa = PBXFileReference; lastKnownFileType = sourcecode.swift; path = AppDelegate.swift; sourceTree = "<group>"; };
		6633024B27D1DB17003D3A3F /* SceneDelegate.swift */ = {isa = PBXFileReference; lastKnownFileType = sourcecode.swift; path = SceneDelegate.swift; sourceTree = "<group>"; };
		6633024D27D1DB17003D3A3F /* ViewController.swift */ = {isa = PBXFileReference; lastKnownFileType = sourcecode.swift; path = ViewController.swift; sourceTree = "<group>"; };
		6633025027D1DB17003D3A3F /* Base */ = {isa = PBXFileReference; lastKnownFileType = file.storyboard; name = Base; path = Base.lproj/Main.storyboard; sourceTree = "<group>"; };
		6633025227D1DB18003D3A3F /* Assets.xcassets */ = {isa = PBXFileReference; lastKnownFileType = folder.assetcatalog; path = Assets.xcassets; sourceTree = "<group>"; };
		6633025527D1DB18003D3A3F /* Base */ = {isa = PBXFileReference; lastKnownFileType = file.storyboard; name = Base; path = Base.lproj/LaunchScreen.storyboard; sourceTree = "<group>"; };
		6633025727D1DB18003D3A3F /* Info.plist */ = {isa = PBXFileReference; lastKnownFileType = text.plist.xml; path = Info.plist; sourceTree = "<group>"; };
		6633025C27D1DB18003D3A3F /* ParallaxTestTests.xctest */ = {isa = PBXFileReference; explicitFileType = wrapper.cfbundle; includeInIndex = 0; path = ParallaxTestTests.xctest; sourceTree = BUILT_PRODUCTS_DIR; };
		6633026027D1DB18003D3A3F /* ParallaxTestTests.swift */ = {isa = PBXFileReference; lastKnownFileType = sourcecode.swift; path = ParallaxTestTests.swift; sourceTree = "<group>"; };
		6633026627D1DB18003D3A3F /* ParallaxTestUITests.xctest */ = {isa = PBXFileReference; explicitFileType = wrapper.cfbundle; includeInIndex = 0; path = ParallaxTestUITests.xctest; sourceTree = BUILT_PRODUCTS_DIR; };
		6633026A27D1DB18003D3A3F /* ParallaxTestUITests.swift */ = {isa = PBXFileReference; lastKnownFileType = sourcecode.swift; path = ParallaxTestUITests.swift; sourceTree = "<group>"; };
		6633026C27D1DB18003D3A3F /* ParallaxTestUITestsLaunchTests.swift */ = {isa = PBXFileReference; lastKnownFileType = sourcecode.swift; path = ParallaxTestUITestsLaunchTests.swift; sourceTree = "<group>"; };
/* End PBXFileReference section */

/* Begin PBXFrameworksBuildPhase section */
		6633024327D1DB17003D3A3F /* Frameworks */ = {
			isa = PBXFrameworksBuildPhase;
			buildActionMask = 2147483647;
			files = (
			);
			runOnlyForDeploymentPostprocessing = 0;
		};
		6633025927D1DB18003D3A3F /* Frameworks */ = {
			isa = PBXFrameworksBuildPhase;
			buildActionMask = 2147483647;
			files = (
			);
			runOnlyForDeploymentPostprocessing = 0;
		};
		6633026327D1DB18003D3A3F /* Frameworks */ = {
			isa = PBXFrameworksBuildPhase;
			buildActionMask = 2147483647;
			files = (
			);
			runOnlyForDeploymentPostprocessing = 0;
		};
/* End PBXFrameworksBuildPhase section */

/* Begin PBXGroup section */
		6633023D27D1DB17003D3A3F = {
			isa = PBXGroup;
			children = (
				6633024827D1DB17003D3A3F /* ParallaxTest */,
				6633025F27D1DB18003D3A3F /* ParallaxTestTests */,
				6633026927D1DB18003D3A3F /* ParallaxTestUITests */,
				6633024727D1DB17003D3A3F /* Products */,
			);
			sourceTree = "<group>";
		};
		6633024727D1DB17003D3A3F /* Products */ = {
			isa = PBXGroup;
			children = (
				6633024627D1DB17003D3A3F /* ParallaxTest.app */,
				6633025C27D1DB18003D3A3F /* ParallaxTestTests.xctest */,
				6633026627D1DB18003D3A3F /* ParallaxTestUITests.xctest */,
			);
			name = Products;
			sourceTree = "<group>";
		};
		6633024827D1DB17003D3A3F /* ParallaxTest */ = {
			isa = PBXGroup;
			children = (
				6633024927D1DB17003D3A3F /* AppDelegate.swift */,
				6633024B27D1DB17003D3A3F /* SceneDelegate.swift */,
				6633024D27D1DB17003D3A3F /* ViewController.swift */,
				6633024F27D1DB17003D3A3F /* Main.storyboard */,
				6633025227D1DB18003D3A3F /* Assets.xcassets */,
				6633025427D1DB18003D3A3F /* LaunchScreen.storyboard */,
				6633025727D1DB18003D3A3F /* Info.plist */,
			);
			path = ParallaxTest;
			sourceTree = "<group>";
		};
		6633025F27D1DB18003D3A3F /* ParallaxTestTests */ = {
			isa = PBXGroup;
			children = (
				6633026027D1DB18003D3A3F /* ParallaxTestTests.swift */,
			);
			path = ParallaxTestTests;
			sourceTree = "<group>";
		};
		6633026927D1DB18003D3A3F /* ParallaxTestUITests */ = {
			isa = PBXGroup;
			children = (
				6633026A27D1DB18003D3A3F /* ParallaxTestUITests.swift */,
				6633026C27D1DB18003D3A3F /* ParallaxTestUITestsLaunchTests.swift */,
			);
			path = ParallaxTestUITests;
			sourceTree = "<group>";
		};
/* End PBXGroup section */

/* Begin PBXNativeTarget section */
		6633024527D1DB17003D3A3F /* ParallaxTest */ = {
			isa = PBXNativeTarget;
			buildConfigurationList = 6633027027D1DB18003D3A3F /* Build configuration list for PBXNativeTarget "ParallaxTest" */;
			buildPhases = (
				6633024227D1DB17003D3A3F /* Sources */,
				6633024327D1DB17003D3A3F /* Frameworks */,
				6633024427D1DB17003D3A3F /* Resources */,
			);
			buildRules = (
			);
			dependencies = (
			);
			name = ParallaxTest;
			productName = ParallaxTest;
			productReference = 6633024627D1DB17003D3A3F /* ParallaxTest.app */;
			productType = "com.apple.product-type.application";
		};
		6633025B27D1DB18003D3A3F /* ParallaxTestTests */ = {
			isa = PBXNativeTarget;
			buildConfigurationList = 6633027327D1DB18003D3A3F /* Build configuration list for PBXNativeTarget "ParallaxTestTests" */;
			buildPhases = (
				6633025827D1DB18003D3A3F /* Sources */,
				6633025927D1DB18003D3A3F /* Frameworks */,
				6633025A27D1DB18003D3A3F /* Resources */,
			);
			buildRules = (
			);
			dependencies = (
				6633025E27D1DB18003D3A3F /* PBXTargetDependency */,
			);
			name = ParallaxTestTests;
			productName = ParallaxTestTests;
			productReference = 6633025C27D1DB18003D3A3F /* ParallaxTestTests.xctest */;
			productType = "com.apple.product-type.bundle.unit-test";
		};
		6633026527D1DB18003D3A3F /* ParallaxTestUITests */ = {
			isa = PBXNativeTarget;
			buildConfigurationList = 6633027627D1DB18003D3A3F /* Build configuration list for PBXNativeTarget "ParallaxTestUITests" */;
			buildPhases = (
				6633026227D1DB18003D3A3F /* Sources */,
				6633026327D1DB18003D3A3F /* Frameworks */,
				6633026427D1DB18003D3A3F /* Resources */,
			);
			buildRules = (
			);
			dependencies = (
				6633026827D1DB18003D3A3F /* PBXTargetDependency */,
			);
			name = ParallaxTestUITests;
			productName = ParallaxTestUITests;
			productReference = 6633026627D1DB18003D3A3F /* ParallaxTestUITests.xctest */;
			productType = "com.apple.product-type.bundle.ui-testing";
		};
/* End PBXNativeTarget section */

/* Begin PBXProject section */
		6633023E27D1DB17003D3A3F /* Project object */ = {
			isa = PBXProject;
			attributes = {
				BuildIndependentTargetsInParallel = 1;
				LastSwiftUpdateCheck = 1330;
				LastUpgradeCheck = 1330;
				TargetAttributes = {
					6633024527D1DB17003D3A3F = {
						CreatedOnToolsVersion = 13.3;
					};
					6633025B27D1DB18003D3A3F = {
						CreatedOnToolsVersion = 13.3;
						TestTargetID = 6633024527D1DB17003D3A3F;
					};
					6633026527D1DB18003D3A3F = {
						CreatedOnToolsVersion = 13.3;
						TestTargetID = 6633024527D1DB17003D3A3F;
					};
				};
			};
			buildConfigurationList = 6633024127D1DB17003D3A3F /* Build configuration list for PBXProject "ParallaxTest" */;
			compatibilityVersion = "Xcode 13.0";
			developmentRegion = en;
			hasScannedForEncodings = 0;
			knownRegions = (
				en,
				Base,
			);
			mainGroup = 6633023D27D1DB17003D3A3F;
			productRefGroup = 6633024727D1DB17003D3A3F /* Products */;
			projectDirPath = "";
			projectRoot = "";
			targets = (
				6633024527D1DB17003D3A3F /* ParallaxTest */,
				6633025B27D1DB18003D3A3F /* ParallaxTestTests */,
				6633026527D1DB18003D3A3F /* ParallaxTestUITests */,
			);
		};
/* End PBXProject section */

/* Begin PBXResourcesBuildPhase section */
		6633024427D1DB17003D3A3F /* Resources */ = {
			isa = PBXResourcesBuildPhase;
			buildActionMask = 2147483647;
			files = (
				6633025627D1DB18003D3A3F /* LaunchScreen.storyboard in Resources */,
				6633025327D1DB18003D3A3F /* Assets.xcassets in Resources */,
				6633025127D1DB17003D3A3F /* Main.storyboard in Resources */,
			);
			runOnlyForDeploymentPostprocessing = 0;
		};
		6633025A27D1DB18003D3A3F /* Resources */ = {
			isa = PBXResourcesBuildPhase;
			buildActionMask = 2147483647;
			files = (
			);
			runOnlyForDeploymentPostprocessing = 0;
		};
		6633026427D1DB18003D3A3F /* Resources */ = {
			isa = PBXResourcesBuildPhase;
			buildActionMask = 2147483647;
			files = (
			);
			runOnlyForDeploymentPostprocessing = 0;
		};
/* End PBXResourcesBuildPhase section */

/* Begin PBXSourcesBuildPhase section */
		6633024227D1DB17003D3A3F /* Sources */ = {
			isa = PBXSourcesBuildPhase;
			buildActionMask = 2147483647;
			files = (
				6633024E27D1DB17003D3A3F /* ViewController.swift in Sources */,
				6633024A27D1DB17003D3A3F /* AppDelegate.swift in Sources */,
				6633024C27D1DB17003D3A3F /* SceneDelegate.swift in Sources */,
			);
			runOnlyForDeploymentPostprocessing = 0;
		};
		6633025827D1DB18003D3A3F /* Sources */ = {
			isa = PBXSourcesBuildPhase;
			buildActionMask = 2147483647;
			files = (
				6633026127D1DB18003D3A3F /* ParallaxTestTests.swift in Sources */,
			);
			runOnlyForDeploymentPostprocessing = 0;
		};
		6633026227D1DB18003D3A3F /* Sources */ = {
			isa = PBXSourcesBuildPhase;
			buildActionMask = 2147483647;
			files = (
				6633026B27D1DB18003D3A3F /* ParallaxTestUITests.swift in Sources */,
				6633026D27D1DB18003D3A3F /* ParallaxTestUITestsLaunchTests.swift in Sources */,
			);
			runOnlyForDeploymentPostprocessing = 0;
		};
/* End PBXSourcesBuildPhase section */

/* Begin PBXTargetDependency section */
		6633025E27D1DB18003D3A3F /* PBXTargetDependency */ = {
			isa = PBXTargetDependency;
			target = 6633024527D1DB17003D3A3F /* ParallaxTest */;
			targetProxy = 6633025D27D1DB18003D3A3F /* PBXContainerItemProxy */;
		};
		6633026827D1DB18003D3A3F /* PBXTargetDependency */ = {
			isa = PBXTargetDependency;
			target = 6633024527D1DB17003D3A3F /* ParallaxTest */;
			targetProxy = 6633026727D1DB18003D3A3F /* PBXContainerItemProxy */;
		};
/* End PBXTargetDependency section */

/* Begin PBXVariantGroup section */
		6633024F27D1DB17003D3A3F /* Main.storyboard */ = {
			isa = PBXVariantGroup;
			children = (
				6633025027D1DB17003D3A3F /* Base */,
			);
			name = Main.storyboard;
			sourceTree = "<group>";
		};
		6633025427D1DB18003D3A3F /* LaunchScreen.storyboard */ = {
			isa = PBXVariantGroup;
			children = (
				6633025527D1DB18003D3A3F /* Base */,
			);
			name = LaunchScreen.storyboard;
			sourceTree = "<group>";
		};
/* End PBXVariantGroup section */

/* Begin XCBuildConfiguration section */
		6633026E27D1DB18003D3A3F /* Debug */ = {
			isa = XCBuildConfiguration;
			buildSettings = {
				ALWAYS_SEARCH_USER_PATHS = NO;
				CLANG_ANALYZER_NONNULL = YES;
				CLANG_ANALYZER_NUMBER_OBJECT_CONVERSION = YES_AGGRESSIVE;
				CLANG_CXX_LANGUAGE_STANDARD = "gnu++17";
				CLANG_ENABLE_MODULES = YES;
				CLANG_ENABLE_OBJC_ARC = YES;
				CLANG_ENABLE_OBJC_WEAK = YES;
				CLANG_WARN_BLOCK_CAPTURE_AUTORELEASING = YES;
				CLANG_WARN_BOOL_CONVERSION = YES;
				CLANG_WARN_COMMA = YES;
				CLANG_WARN_CONSTANT_CONVERSION = YES;
				CLANG_WARN_DEPRECATED_OBJC_IMPLEMENTATIONS = YES;
				CLANG_WARN_DIRECT_OBJC_ISA_USAGE = YES_ERROR;
				CLANG_WARN_DOCUMENTATION_COMMENTS = YES;
				CLANG_WARN_EMPTY_BODY = YES;
				CLANG_WARN_ENUM_CONVERSION = YES;
				CLANG_WARN_INFINITE_RECURSION = YES;
				CLANG_WARN_INT_CONVERSION = YES;
				CLANG_WARN_NON_LITERAL_NULL_CONVERSION = YES;
				CLANG_WARN_OBJC_IMPLICIT_RETAIN_SELF = YES;
				CLANG_WARN_OBJC_LITERAL_CONVERSION = YES;
				CLANG_WARN_OBJC_ROOT_CLASS = YES_ERROR;
				CLANG_WARN_QUOTED_INCLUDE_IN_FRAMEWORK_HEADER = YES;
				CLANG_WARN_RANGE_LOOP_ANALYSIS = YES;
				CLANG_WARN_STRICT_PROTOTYPES = YES;
				CLANG_WARN_SUSPICIOUS_MOVE = YES;
				CLANG_WARN_UNGUARDED_AVAILABILITY = YES_AGGRESSIVE;
				CLANG_WARN_UNREACHABLE_CODE = YES;
				CLANG_WARN__DUPLICATE_METHOD_MATCH = YES;
				COPY_PHASE_STRIP = NO;
				DEBUG_INFORMATION_FORMAT = dwarf;
				ENABLE_STRICT_OBJC_MSGSEND = YES;
				ENABLE_TESTABILITY = YES;
				GCC_C_LANGUAGE_STANDARD = gnu11;
				GCC_DYNAMIC_NO_PIC = NO;
				GCC_NO_COMMON_BLOCKS = YES;
				GCC_OPTIMIZATION_LEVEL = 0;
				GCC_PREPROCESSOR_DEFINITIONS = (
					"DEBUG=1",
					"$(inherited)",
				);
				GCC_WARN_64_TO_32_BIT_CONVERSION = YES;
				GCC_WARN_ABOUT_RETURN_TYPE = YES_ERROR;
				GCC_WARN_UNDECLARED_SELECTOR = YES;
				GCC_WARN_UNINITIALIZED_AUTOS = YES_AGGRESSIVE;
				GCC_WARN_UNUSED_FUNCTION = YES;
				GCC_WARN_UNUSED_VARIABLE = YES;
				IPHONEOS_DEPLOYMENT_TARGET = 15.4;
				MTL_ENABLE_DEBUG_INFO = INCLUDE_SOURCE;
				MTL_FAST_MATH = YES;
				ONLY_ACTIVE_ARCH = YES;
				SDKROOT = iphoneos;
				SWIFT_ACTIVE_COMPILATION_CONDITIONS = DEBUG;
				SWIFT_OPTIMIZATION_LEVEL = "-Onone";
			};
			name = Debug;
		};
		6633026F27D1DB18003D3A3F /* Release */ = {
			isa = XCBuildConfiguration;
			buildSettings = {
				ALWAYS_SEARCH_USER_PATHS = NO;
				CLANG_ANALYZER_NONNULL = YES;
				CLANG_ANALYZER_NUMBER_OBJECT_CONVERSION = YES_AGGRESSIVE;
				CLANG_CXX_LANGUAGE_STANDARD = "gnu++17";
				CLANG_ENABLE_MODULES = YES;
				CLANG_ENABLE_OBJC_ARC = YES;
				CLANG_ENABLE_OBJC_WEAK = YES;
				CLANG_WARN_BLOCK_CAPTURE_AUTORELEASING = YES;
				CLANG_WARN_BOOL_CONVERSION = YES;
				CLANG_WARN_COMMA = YES;
				CLANG_WARN_CONSTANT_CONVERSION = YES;
				CLANG_WARN_DEPRECATED_OBJC_IMPLEMENTATIONS = YES;
				CLANG_WARN_DIRECT_OBJC_ISA_USAGE = YES_ERROR;
				CLANG_WARN_DOCUMENTATION_COMMENTS = YES;
				CLANG_WARN_EMPTY_BODY = YES;
				CLANG_WARN_ENUM_CONVERSION = YES;
				CLANG_WARN_INFINITE_RECURSION = YES;
				CLANG_WARN_INT_CONVERSION = YES;
				CLANG_WARN_NON_LITERAL_NULL_CONVERSION = YES;
				CLANG_WARN_OBJC_IMPLICIT_RETAIN_SELF = YES;
				CLANG_WARN_OBJC_LITERAL_CONVERSION = YES;
				CLANG_WARN_OBJC_ROOT_CLASS = YES_ERROR;
				CLANG_WARN_QUOTED_INCLUDE_IN_FRAMEWORK_HEADER = YES;
				CLANG_WARN_RANGE_LOOP_ANALYSIS = YES;
				CLANG_WARN_STRICT_PROTOTYPES = YES;
				CLANG_WARN_SUSPICIOUS_MOVE = YES;
				CLANG_WARN_UNGUARDED_AVAILABILITY = YES_AGGRESSIVE;
				CLANG_WARN_UNREACHABLE_CODE = YES;
				CLANG_WARN__DUPLICATE_METHOD_MATCH = YES;
				COPY_PHASE_STRIP = NO;
				DEBUG_INFORMATION_FORMAT = "dwarf-with-dsym";
				ENABLE_NS_ASSERTIONS = NO;
				ENABLE_STRICT_OBJC_MSGSEND = YES;
				GCC_C_LANGUAGE_STANDARD = gnu11;
				GCC_NO_COMMON_BLOCKS = YES;
				GCC_WARN_64_TO_32_BIT_CONVERSION = YES;
				GCC_WARN_ABOUT_RETURN_TYPE = YES_ERROR;
				GCC_WARN_UNDECLARED_SELECTOR = YES;
				GCC_WARN_UNINITIALIZED_AUTOS = YES_AGGRESSIVE;
				GCC_WARN_UNUSED_FUNCTION = YES;
				GCC_WARN_UNUSED_VARIABLE = YES;
				IPHONEOS_DEPLOYMENT_TARGET = 15.4;
				MTL_ENABLE_DEBUG_INFO = NO;
				MTL_FAST_MATH = YES;
				SDKROOT = iphoneos;
				SWIFT_COMPILATION_MODE = wholemodule;
				SWIFT_OPTIMIZATION_LEVEL = "-O";
				VALIDATE_PRODUCT = YES;
			};
			name = Release;
		};
		6633027127D1DB18003D3A3F /* Debug */ = {
			isa = XCBuildConfiguration;
			buildSettings = {
				ASSETCATALOG_COMPILER_APPICON_NAME = AppIcon;
				ASSETCATALOG_COMPILER_GLOBAL_ACCENT_COLOR_NAME = AccentColor;
				CODE_SIGN_STYLE = Automatic;
				CURRENT_PROJECT_VERSION = 1;
				DEVELOPMENT_TEAM = 6755LPJ5W2;
				GENERATE_INFOPLIST_FILE = YES;
				INFOPLIST_FILE = ParallaxTest/Info.plist;
				INFOPLIST_KEY_UIApplicationSupportsIndirectInputEvents = YES;
				INFOPLIST_KEY_UILaunchStoryboardName = LaunchScreen;
				INFOPLIST_KEY_UIMainStoryboardFile = Main;
				INFOPLIST_KEY_UISupportedInterfaceOrientations = UIInterfaceOrientationPortrait;
				INFOPLIST_KEY_UISupportedInterfaceOrientations_iPad = "UIInterfaceOrientationPortrait UIInterfaceOrientationPortraitUpsideDown UIInterfaceOrientationLandscapeLeft UIInterfaceOrientationLandscapeRight";
				INFOPLIST_KEY_UISupportedInterfaceOrientations_iPhone = "UIInterfaceOrientationPortrait UIInterfaceOrientationLandscapeLeft UIInterfaceOrientationLandscapeRight";
				LD_RUNPATH_SEARCH_PATHS = (
					"$(inherited)",
					"@executable_path/Frameworks",
				);
				MARKETING_VERSION = 1.0;
				PRODUCT_BUNDLE_IDENTIFIER = com.sunapps.ParallaxTest;
				PRODUCT_NAME = "$(TARGET_NAME)";
				SWIFT_EMIT_LOC_STRINGS = YES;
				SWIFT_VERSION = 5.0;
				TARGETED_DEVICE_FAMILY = "1,2";
			};
			name = Debug;
		};
		6633027227D1DB18003D3A3F /* Release */ = {
			isa = XCBuildConfiguration;
			buildSettings = {
				ASSETCATALOG_COMPILER_APPICON_NAME = AppIcon;
				ASSETCATALOG_COMPILER_GLOBAL_ACCENT_COLOR_NAME = AccentColor;
				CODE_SIGN_STYLE = Automatic;
				CURRENT_PROJECT_VERSION = 1;
				DEVELOPMENT_TEAM = 6755LPJ5W2;
				GENERATE_INFOPLIST_FILE = YES;
				INFOPLIST_FILE = ParallaxTest/Info.plist;
				INFOPLIST_KEY_UIApplicationSupportsIndirectInputEvents = YES;
				INFOPLIST_KEY_UILaunchStoryboardName = LaunchScreen;
				INFOPLIST_KEY_UIMainStoryboardFile = Main;
				INFOPLIST_KEY_UISupportedInterfaceOrientations = UIInterfaceOrientationPortrait;
				INFOPLIST_KEY_UISupportedInterfaceOrientations_iPad = "UIInterfaceOrientationPortrait UIInterfaceOrientationPortraitUpsideDown UIInterfaceOrientationLandscapeLeft UIInterfaceOrientationLandscapeRight";
				INFOPLIST_KEY_UISupportedInterfaceOrientations_iPhone = "UIInterfaceOrientationPortrait UIInterfaceOrientationLandscapeLeft UIInterfaceOrientationLandscapeRight";
				LD_RUNPATH_SEARCH_PATHS = (
					"$(inherited)",
					"@executable_path/Frameworks",
				);
				MARKETING_VERSION = 1.0;
				PRODUCT_BUNDLE_IDENTIFIER = com.sunapps.ParallaxTest;
				PRODUCT_NAME = "$(TARGET_NAME)";
				SWIFT_EMIT_LOC_STRINGS = YES;
				SWIFT_VERSION = 5.0;
				TARGETED_DEVICE_FAMILY = "1,2";
			};
			name = Release;
		};
		6633027427D1DB18003D3A3F /* Debug */ = {
			isa = XCBuildConfiguration;
			buildSettings = {
				ALWAYS_EMBED_SWIFT_STANDARD_LIBRARIES = YES;
				BUNDLE_LOADER = "$(TEST_HOST)";
				CODE_SIGN_STYLE = Automatic;
				CURRENT_PROJECT_VERSION = 1;
				DEVELOPMENT_TEAM = 6755LPJ5W2;
				GENERATE_INFOPLIST_FILE = YES;
				IPHONEOS_DEPLOYMENT_TARGET = 15.4;
				MARKETING_VERSION = 1.0;
				PRODUCT_BUNDLE_IDENTIFIER = com.sunapps.ParallaxTestTests;
				PRODUCT_NAME = "$(TARGET_NAME)";
				SWIFT_EMIT_LOC_STRINGS = NO;
				SWIFT_VERSION = 5.0;
				TARGETED_DEVICE_FAMILY = "1,2";
				TEST_HOST = "$(BUILT_PRODUCTS_DIR)/ParallaxTest.app/ParallaxTest";
			};
			name = Debug;
		};
		6633027527D1DB18003D3A3F /* Release */ = {
			isa = XCBuildConfiguration;
			buildSettings = {
				ALWAYS_EMBED_SWIFT_STANDARD_LIBRARIES = YES;
				BUNDLE_LOADER = "$(TEST_HOST)";
				CODE_SIGN_STYLE = Automatic;
				CURRENT_PROJECT_VERSION = 1;
				DEVELOPMENT_TEAM = 6755LPJ5W2;
				GENERATE_INFOPLIST_FILE = YES;
				IPHONEOS_DEPLOYMENT_TARGET = 15.4;
				MARKETING_VERSION = 1.0;
				PRODUCT_BUNDLE_IDENTIFIER = com.sunapps.ParallaxTestTests;
				PRODUCT_NAME = "$(TARGET_NAME)";
				SWIFT_EMIT_LOC_STRINGS = NO;
				SWIFT_VERSION = 5.0;
				TARGETED_DEVICE_FAMILY = "1,2";
				TEST_HOST = "$(BUILT_PRODUCTS_DIR)/ParallaxTest.app/ParallaxTest";
			};
			name = Release;
		};
		6633027727D1DB18003D3A3F /* Debug */ = {
			isa = XCBuildConfiguration;
			buildSettings = {
				ALWAYS_EMBED_SWIFT_STANDARD_LIBRARIES = YES;
				CODE_SIGN_STYLE = Automatic;
				CURRENT_PROJECT_VERSION = 1;
				DEVELOPMENT_TEAM = 6755LPJ5W2;
				GENERATE_INFOPLIST_FILE = YES;
				MARKETING_VERSION = 1.0;
				PRODUCT_BUNDLE_IDENTIFIER = com.sunapps.ParallaxTestUITests;
				PRODUCT_NAME = "$(TARGET_NAME)";
				SWIFT_EMIT_LOC_STRINGS = NO;
				SWIFT_VERSION = 5.0;
				TARGETED_DEVICE_FAMILY = "1,2";
				TEST_TARGET_NAME = ParallaxTest;
			};
			name = Debug;
		};
		6633027827D1DB18003D3A3F /* Release */ = {
			isa = XCBuildConfiguration;
			buildSettings = {
				ALWAYS_EMBED_SWIFT_STANDARD_LIBRARIES = YES;
				CODE_SIGN_STYLE = Automatic;
				CURRENT_PROJECT_VERSION = 1;
				DEVELOPMENT_TEAM = 6755LPJ5W2;
				GENERATE_INFOPLIST_FILE = YES;
				MARKETING_VERSION = 1.0;
				PRODUCT_BUNDLE_IDENTIFIER = com.sunapps.ParallaxTestUITests;
				PRODUCT_NAME = "$(TARGET_NAME)";
				SWIFT_EMIT_LOC_STRINGS = NO;
				SWIFT_VERSION = 5.0;
				TARGETED_DEVICE_FAMILY = "1,2";
				TEST_TARGET_NAME = ParallaxTest;
			};
			name = Release;
		};
/* End XCBuildConfiguration section */

/* Begin XCConfigurationList section */
		6633024127D1DB17003D3A3F /* Build configuration list for PBXProject "ParallaxTest" */ = {
			isa = XCConfigurationList;
			buildConfigurations = (
				6633026E27D1DB18003D3A3F /* Debug */,
				6633026F27D1DB18003D3A3F /* Release */,
			);
			defaultConfigurationIsVisible = 0;
			defaultConfigurationName = Release;
		};
		6633027027D1DB18003D3A3F /* Build configuration list for PBXNativeTarget "ParallaxTest" */ = {
			isa = XCConfigurationList;
			buildConfigurations = (
				6633027127D1DB18003D3A3F /* Debug */,
				6633027227D1DB18003D3A3F /* Release */,
			);
			defaultConfigurationIsVisible = 0;
			defaultConfigurationName = Release;
		};
		6633027327D1DB18003D3A3F /* Build configuration list for PBXNativeTarget "ParallaxTestTests" */ = {
			isa = XCConfigurationList;
			buildConfigurations = (
				6633027427D1DB18003D3A3F /* Debug */,
				6633027527D1DB18003D3A3F /* Release */,
			);
			defaultConfigurationIsVisible = 0;
			defaultConfigurationName = Release;
		};
		6633027627D1DB18003D3A3F /* Build configuration list for PBXNativeTarget "ParallaxTestUITests" */ = {
			isa = XCConfigurationList;
			buildConfigurations = (
				6633027727D1DB18003D3A3F /* Debug */,
				6633027827D1DB18003D3A3F /* Release */,
			);
			defaultConfigurationIsVisible = 0;
			defaultConfigurationName = Release;
		};
/* End XCConfigurationList section */
	};
	rootObject = 6633023E27D1DB17003D3A3F /* Project object */;
}
